
Microsoft Visual Studio Solution File, Format Version 12.00
# Visual Studio Version 17
VisualStudioVersion = 17.2.32616.157
MinimumVisualStudioVersion = 10.0.40219.1
Project("{FAE04EC0-301F-11D3-BF4B-00C04F79EFBC}") = "menu_hamburguer_.Android", "menu_hamburguer_.Android\menu_hamburguer_.Android.csproj", "{7887C85B-E53F-4516-BDBD-2EFEDF0C0F34}"
EndProject
Project("{FAE04EC0-301F-11D3-BF4B-00C04F79EFBC}") = "menu_hamburguer_", "menu_hamburguer_\menu_hamburguer_.csproj", "{964EBC0A-40B0-4CD3-8F78-3C6C078C2D0C}"
EndProject
Global
	GlobalSection(SolutionConfigurationPlatforms) = preSolution
		Debug|Any CPU = Debug|Any CPU
		Release|Any CPU = Release|Any CPU
	EndGlobalSection
	GlobalSection(ProjectConfigurationPlatforms) = postSolution
		{7887C85B-E53F-4516-BDBD-2EFEDF0C0F34}.Debug|Any CPU.ActiveCfg = Debug|Any CPU
		{7887C85B-E53F-4516-BDBD-2EFEDF0C0F34}.Debug|Any CPU.Build.0 = Debug|Any CPU
		{7887C85B-E53F-4516-BDBD-2EFEDF0C0F34}.Debug|Any CPU.Deploy.0 = Debug|Any CPU
		{7887C85B-E53F-4516-BDBD-2EFEDF0C0F34}.Release|Any CPU.ActiveCfg = Release|Any CPU
		{7887C85B-E53F-4516-BDBD-2EFEDF0C0F34}.Release|Any CPU.Build.0 = Release|Any CPU
		{7887C85B-E53F-4516-BDBD-2EFEDF0C0F34}.Release|Any CPU.Deploy.0 = Release|Any CPU
		{964EBC0A-40B0-4CD3-8F78-3C6C078C2D0C}.Debug|Any CPU.ActiveCfg = Debug|Any CPU
		{964EBC0A-40B0-4CD3-8F78-3C6C078C2D0C}.Debug|Any CPU.Build.0 = Debug|Any CPU
		{964EBC0A-40B0-4CD3-8F78-3C6C078C2D0C}.Debug|Any CPU.Deploy.0 = Debug|Any CPU
		{964EBC0A-40B0-4CD3-8F78-3C6C078C2D0C}.Release|Any CPU.ActiveCfg = Release|Any CPU
		{964EBC0A-40B0-4CD3-8F78-3C6C078C2D0C}.Release|Any CPU.Build.0 = Release|Any CPU
		{964EBC0A-40B0-4CD3-8F78-3C6C078C2D0C}.Release|Any CPU.Deploy.0 = Release|Any CPU
	EndGlobalSection
	GlobalSection(SolutionProperties) = preSolution
		HideSolutionNode = FALSE
	EndGlobalSection
	GlobalSection(ExtensibilityGlobals) = postSolution
		SolutionGuid = {276F8FF1-EF73-4847-9D97-DB72A41382C6}
	EndGlobalSection
EndGlobal
